// !$*UTF8*$!
{
	archiveVersion = 1;
	classes = {
	};
	objectVersion = 50;
	objects = {

/* Begin PBXBuildFile section */
		9B76F88A241459EB0022F47B /* Users.plist in Resources */ = {isa = PBXBuildFile; fileRef = 9B76F889241459EB0022F47B /* Users.plist */; };
		9B76F88C241462490022F47B /* Singleton.swift in Sources */ = {isa = PBXBuildFile; fileRef = 9B76F88B241462490022F47B /* Singleton.swift */; };
		9B795F2B241300C70029634F /* Customer.swift in Sources */ = {isa = PBXBuildFile; fileRef = 9B795F2A241300C70029634F /* Customer.swift */; };
		9B795F3124130F140029634F /* DataStorage.swift in Sources */ = {isa = PBXBuildFile; fileRef = 9B795F3024130F140029634F /* DataStorage.swift */; };
		9B7AB843241997AE00750C32 /* Bill.swift in Sources */ = {isa = PBXBuildFile; fileRef = 9B7AB842241997AE00750C32 /* Bill.swift */; };
		9B7AB8452419993100750C32 /* IDisplay.swift in Sources */ = {isa = PBXBuildFile; fileRef = 9B7AB8442419993100750C32 /* IDisplay.swift */; };
		9B7AB8712419A7AE00750C32 /* Hydro.swift in Sources */ = {isa = PBXBuildFile; fileRef = 9B7AB8702419A7AE00750C32 /* Hydro.swift */; };
		9B7AB8732419A81700750C32 /* Internet.swift in Sources */ = {isa = PBXBuildFile; fileRef = 9B7AB8722419A81700750C32 /* Internet.swift */; };
		9B7AB8752419A86C00750C32 /* Mobile.swift in Sources */ = {isa = PBXBuildFile; fileRef = 9B7AB8742419A86C00750C32 /* Mobile.swift */; };
		9B92529F24119A1300274938 /* AppDelegate.swift in Sources */ = {isa = PBXBuildFile; fileRef = 9B92529E24119A1300274938 /* AppDelegate.swift */; };
		9B9252A124119A1300274938 /* SceneDelegate.swift in Sources */ = {isa = PBXBuildFile; fileRef = 9B9252A024119A1300274938 /* SceneDelegate.swift */; };
		9B9252A324119A1300274938 /* LoginViewController.swift in Sources */ = {isa = PBXBuildFile; fileRef = 9B9252A224119A1300274938 /* LoginViewController.swift */; };
		9B9252A624119A1300274938 /* Main.storyboard in Resources */ = {isa = PBXBuildFile; fileRef = 9B9252A424119A1300274938 /* Main.storyboard */; };
		9B9252A824119A1400274938 /* Assets.xcassets in Resources */ = {isa = PBXBuildFile; fileRef = 9B9252A724119A1400274938 /* Assets.xcassets */; };
		9B9252AB24119A1400274938 /* LaunchScreen.storyboard in Resources */ = {isa = PBXBuildFile; fileRef = 9B9252A924119A1400274938 /* LaunchScreen.storyboard */; };
		9B9252B324119D2900274938 /* CustomerListTableViewController.swift in Sources */ = {isa = PBXBuildFile; fileRef = 9B9252B224119D2900274938 /* CustomerListTableViewController.swift */; };
		9B9252B52411B00300274938 /* NewCustomerViewController.swift in Sources */ = {isa = PBXBuildFile; fileRef = 9B9252B42411B00300274938 /* NewCustomerViewController.swift */; };
		9BDAAEBB2418431E006D3AC5 /* ShowBillDetailsViewController.swift in Sources */ = {isa = PBXBuildFile; fileRef = 9BDAAEBA2418431E006D3AC5 /* ShowBillDetailsViewController.swift */; };
		9BF91C4A241AE394003B0E89 /* AddNewBillViewController.swift in Sources */ = {isa = PBXBuildFile; fileRef = 9BF91C49241AE394003B0E89 /* AddNewBillViewController.swift */; };
		9BF91C4C241B0AE8003B0E89 /* BillTableViewCell.swift in Sources */ = {isa = PBXBuildFile; fileRef = 9BF91C4B241B0AE8003B0E89 /* BillTableViewCell.swift */; };
/* End PBXBuildFile section */

/* Begin PBXFileReference section */
		9B76F889241459EB0022F47B /* Users.plist */ = {isa = PBXFileReference; lastKnownFileType = text.plist.xml; path = Users.plist; sourceTree = "<group>"; };
		9B76F88B241462490022F47B /* Singleton.swift */ = {isa = PBXFileReference; lastKnownFileType = sourcecode.swift; path = Singleton.swift; sourceTree = "<group>"; };
		9B795F2A241300C70029634F /* Customer.swift */ = {isa = PBXFileReference; lastKnownFileType = sourcecode.swift; path = Customer.swift; sourceTree = "<group>"; };
		9B795F3024130F140029634F /* DataStorage.swift */ = {isa = PBXFileReference; lastKnownFileType = sourcecode.swift; path = DataStorage.swift; sourceTree = "<group>"; };
		9B7AB842241997AE00750C32 /* Bill.swift */ = {isa = PBXFileReference; lastKnownFileType = sourcecode.swift; path = Bill.swift; sourceTree = "<group>"; };
		9B7AB8442419993100750C32 /* IDisplay.swift */ = {isa = PBXFileReference; lastKnownFileType = sourcecode.swift; path = IDisplay.swift; sourceTree = "<group>"; };
		9B7AB8702419A7AE00750C32 /* Hydro.swift */ = {isa = PBXFileReference; lastKnownFileType = sourcecode.swift; path = Hydro.swift; sourceTree = "<group>"; };
		9B7AB8722419A81700750C32 /* Internet.swift */ = {isa = PBXFileReference; lastKnownFileType = sourcecode.swift; path = Internet.swift; sourceTree = "<group>"; };
		9B7AB8742419A86C00750C32 /* Mobile.swift */ = {isa = PBXFileReference; lastKnownFileType = sourcecode.swift; path = Mobile.swift; sourceTree = "<group>"; };
		9B92529B24119A1300274938 /* C0782918_MidTerm_MAD3115W2020.app */ = {isa = PBXFileReference; explicitFileType = wrapper.application; includeInIndex = 0; path = C0782918_MidTerm_MAD3115W2020.app; sourceTree = BUILT_PRODUCTS_DIR; };
		9B92529E24119A1300274938 /* AppDelegate.swift */ = {isa = PBXFileReference; lastKnownFileType = sourcecode.swift; path = AppDelegate.swift; sourceTree = "<group>"; };
		9B9252A024119A1300274938 /* SceneDelegate.swift */ = {isa = PBXFileReference; lastKnownFileType = sourcecode.swift; path = SceneDelegate.swift; sourceTree = "<group>"; };
		9B9252A224119A1300274938 /* LoginViewController.swift */ = {isa = PBXFileReference; lastKnownFileType = sourcecode.swift; path = LoginViewController.swift; sourceTree = "<group>"; };
		9B9252A524119A1300274938 /* Base */ = {isa = PBXFileReference; lastKnownFileType = file.storyboard; name = Base; path = Base.lproj/Main.storyboard; sourceTree = "<group>"; };
		9B9252A724119A1400274938 /* Assets.xcassets */ = {isa = PBXFileReference; lastKnownFileType = folder.assetcatalog; path = Assets.xcassets; sourceTree = "<group>"; };
		9B9252AA24119A1400274938 /* Base */ = {isa = PBXFileReference; lastKnownFileType = file.storyboard; name = Base; path = Base.lproj/LaunchScreen.storyboard; sourceTree = "<group>"; };
		9B9252AC24119A1400274938 /* Info.plist */ = {isa = PBXFileReference; lastKnownFileType = text.plist.xml; path = Info.plist; sourceTree = "<group>"; };
		9B9252B224119D2900274938 /* CustomerListTableViewController.swift */ = {isa = PBXFileReference; lastKnownFileType = sourcecode.swift; path = CustomerListTableViewController.swift; sourceTree = "<group>"; };
		9B9252B42411B00300274938 /* NewCustomerViewController.swift */ = {isa = PBXFileReference; lastKnownFileType = sourcecode.swift; path = NewCustomerViewController.swift; sourceTree = "<group>"; };
		9BDAAEBA2418431E006D3AC5 /* ShowBillDetailsViewController.swift */ = {isa = PBXFileReference; lastKnownFileType = sourcecode.swift; path = ShowBillDetailsViewController.swift; sourceTree = "<group>"; };
		9BF91C49241AE394003B0E89 /* AddNewBillViewController.swift */ = {isa = PBXFileReference; lastKnownFileType = sourcecode.swift; path = AddNewBillViewController.swift; sourceTree = "<group>"; };
		9BF91C4B241B0AE8003B0E89 /* BillTableViewCell.swift */ = {isa = PBXFileReference; lastKnownFileType = sourcecode.swift; path = BillTableViewCell.swift; sourceTree = "<group>"; };
/* End PBXFileReference section */

/* Begin PBXFrameworksBuildPhase section */
		9B92529824119A1300274938 /* Frameworks */ = {
			isa = PBXFrameworksBuildPhase;
			buildActionMask = 2147483647;
			files = (
			);
			runOnlyForDeploymentPostprocessing = 0;
		};
/* End PBXFrameworksBuildPhase section */

/* Begin PBXGroup section */
		9B92529224119A1300274938 = {
			isa = PBXGroup;
			children = (
				9B92529D24119A1300274938 /* C0782918_MidTerm_MAD3115W2020 */,
				9B92529C24119A1300274938 /* Products */,
			);
			sourceTree = "<group>";
		};
		9B92529C24119A1300274938 /* Products */ = {
			isa = PBXGroup;
			children = (
				9B92529B24119A1300274938 /* C0782918_MidTerm_MAD3115W2020.app */,
			);
			name = Products;
			sourceTree = "<group>";
		};
		9B92529D24119A1300274938 /* C0782918_MidTerm_MAD3115W2020 */ = {
			isa = PBXGroup;
			children = (
				9B92529E24119A1300274938 /* AppDelegate.swift */,
				9B9252A024119A1300274938 /* SceneDelegate.swift */,
				9B9252A224119A1300274938 /* LoginViewController.swift */,
				9B9252B224119D2900274938 /* CustomerListTableViewController.swift */,
				9B9252B42411B00300274938 /* NewCustomerViewController.swift */,
				9BDAAEBA2418431E006D3AC5 /* ShowBillDetailsViewController.swift */,
				9BF91C49241AE394003B0E89 /* AddNewBillViewController.swift */,
				9B9252A424119A1300274938 /* Main.storyboard */,
				9B9252A724119A1400274938 /* Assets.xcassets */,
				9B9252A924119A1400274938 /* LaunchScreen.storyboard */,
				9B9252AC24119A1400274938 /* Info.plist */,
				9B795F2A241300C70029634F /* Customer.swift */,
				9B795F3024130F140029634F /* DataStorage.swift */,
				9B76F889241459EB0022F47B /* Users.plist */,
				9B76F88B241462490022F47B /* Singleton.swift */,
				9B7AB842241997AE00750C32 /* Bill.swift */,
				9B7AB8442419993100750C32 /* IDisplay.swift */,
				9B7AB8702419A7AE00750C32 /* Hydro.swift */,
				9B7AB8722419A81700750C32 /* Internet.swift */,
				9B7AB8742419A86C00750C32 /* Mobile.swift */,
				9BF91C4B241B0AE8003B0E89 /* BillTableViewCell.swift */,
			);
			path = C0782918_MidTerm_MAD3115W2020;
			sourceTree = "<group>";
		};
/* End PBXGroup section */

/* Begin PBXNativeTarget section */
		9B92529A24119A1300274938 /* C0782918_MidTerm_MAD3115W2020 */ = {
			isa = PBXNativeTarget;
			buildConfigurationList = 9B9252AF24119A1400274938 /* Build configuration list for PBXNativeTarget "C0782918_MidTerm_MAD3115W2020" */;
			buildPhases = (
				9B92529724119A1300274938 /* Sources */,
				9B92529824119A1300274938 /* Frameworks */,
				9B92529924119A1300274938 /* Resources */,
			);
			buildRules = (
			);
			dependencies = (
			);
			name = C0782918_MidTerm_MAD3115W2020;
			productName = C0782918_MidTerm_MAD3115W2020;
			productReference = 9B92529B24119A1300274938 /* C0782918_MidTerm_MAD3115W2020.app */;
			productType = "com.apple.product-type.application";
		};
/* End PBXNativeTarget section */

/* Begin PBXProject section */
		9B92529324119A1300274938 /* Project object */ = {
			isa = PBXProject;
			attributes = {
				LastSwiftUpdateCheck = 1130;
				LastUpgradeCheck = 1130;
				ORGANIZATIONNAME = MacStudent;
				TargetAttributes = {
					9B92529A24119A1300274938 = {
						CreatedOnToolsVersion = 11.3;
					};
				};
			};
			buildConfigurationList = 9B92529624119A1300274938 /* Build configuration list for PBXProject "C0782918_MidTerm_MAD3115W2020" */;
			compatibilityVersion = "Xcode 9.3";
			developmentRegion = en;
			hasScannedForEncodings = 0;
			knownRegions = (
				en,
				Base,
			);
			mainGroup = 9B92529224119A1300274938;
			productRefGroup = 9B92529C24119A1300274938 /* Products */;
			projectDirPath = "";
			projectRoot = "";
			targets = (
				9B92529A24119A1300274938 /* C0782918_MidTerm_MAD3115W2020 */,
			);
		};
/* End PBXProject section */

/* Begin PBXResourcesBuildPhase section */
		9B92529924119A1300274938 /* Resources */ = {
			isa = PBXResourcesBuildPhase;
			buildActionMask = 2147483647;
			files = (
				9B9252AB24119A1400274938 /* LaunchScreen.storyboard in Resources */,
				9B9252A824119A1400274938 /* Assets.xcassets in Resources */,
				9B76F88A241459EB0022F47B /* Users.plist in Resources */,
				9B9252A624119A1300274938 /* Main.storyboard in Resources */,
			);
			runOnlyForDeploymentPostprocessing = 0;
		};
/* End PBXResourcesBuildPhase section */

/* Begin PBXSourcesBuildPhase section */
		9B92529724119A1300274938 /* Sources */ = {
			isa = PBXSourcesBuildPhase;
			buildActionMask = 2147483647;
			files = (
				9BDAAEBB2418431E006D3AC5 /* ShowBillDetailsViewController.swift in Sources */,
				9B9252B52411B00300274938 /* NewCustomerViewController.swift in Sources */,
				9B9252A324119A1300274938 /* LoginViewController.swift in Sources */,
				9B7AB8752419A86C00750C32 /* Mobile.swift in Sources */,
				9B9252B324119D2900274938 /* CustomerListTableViewController.swift in Sources */,
				9B7AB8712419A7AE00750C32 /* Hydro.swift in Sources */,
				9B795F2B241300C70029634F /* Customer.swift in Sources */,
				9B92529F24119A1300274938 /* AppDelegate.swift in Sources */,
				9BF91C4C241B0AE8003B0E89 /* BillTableViewCell.swift in Sources */,
				9B7AB843241997AE00750C32 /* Bill.swift in Sources */,
				9B76F88C241462490022F47B /* Singleton.swift in Sources */,
				9B7AB8452419993100750C32 /* IDisplay.swift in Sources */,
				9B795F3124130F140029634F /* DataStorage.swift in Sources */,
				9B7AB8732419A81700750C32 /* Internet.swift in Sources */,
				9BF91C4A241AE394003B0E89 /* AddNewBillViewController.swift in Sources */,
				9B9252A124119A1300274938 /* SceneDelegate.swift in Sources */,
			);
			runOnlyForDeploymentPostprocessing = 0;
		};
/* End PBXSourcesBuildPhase section */

/* Begin PBXVariantGroup section */
		9B9252A424119A1300274938 /* Main.storyboard */ = {
			isa = PBXVariantGroup;
			children = (
				9B9252A524119A1300274938 /* Base */,
			);
			name = Main.storyboard;
			sourceTree = "<group>";
		};
		9B9252A924119A1400274938 /* LaunchScreen.storyboard */ = {
			isa = PBXVariantGroup;
			children = (
				9B9252AA24119A1400274938 /* Base */,
			);
			name = LaunchScreen.storyboard;
			sourceTree = "<group>";
		};
/* End PBXVariantGroup section */

/* Begin XCBuildConfiguration section */
		9B9252AD24119A1400274938 /* Debug */ = {
			isa = XCBuildConfiguration;
			buildSettings = {
				ALWAYS_SEARCH_USER_PATHS = NO;
				CLANG_ANALYZER_NONNULL = YES;
				CLANG_ANALYZER_NUMBER_OBJECT_CONVERSION = YES_AGGRESSIVE;
				CLANG_CXX_LANGUAGE_STANDARD = "gnu++14";
				CLANG_CXX_LIBRARY = "libc++";
				CLANG_ENABLE_MODULES = YES;
				CLANG_ENABLE_OBJC_ARC = YES;
				CLANG_ENABLE_OBJC_WEAK = YES;
				CLANG_WARN_BLOCK_CAPTURE_AUTORELEASING = YES;
				CLANG_WARN_BOOL_CONVERSION = YES;
				CLANG_WARN_COMMA = YES;
				CLANG_WARN_CONSTANT_CONVERSION = YES;
				CLANG_WARN_DEPRECATED_OBJC_IMPLEMENTATIONS = YES;
				CLANG_WARN_DIRECT_OBJC_ISA_USAGE = YES_ERROR;
				CLANG_WARN_DOCUMENTATION_COMMENTS = YES;
				CLANG_WARN_EMPTY_BODY = YES;
				CLANG_WARN_ENUM_CONVERSION = YES;
				CLANG_WARN_INFINITE_RECURSION = YES;
				CLANG_WARN_INT_CONVERSION = YES;
				CLANG_WARN_NON_LITERAL_NULL_CONVERSION = YES;
				CLANG_WARN_OBJC_IMPLICIT_RETAIN_SELF = YES;
				CLANG_WARN_OBJC_LITERAL_CONVERSION = YES;
				CLANG_WARN_OBJC_ROOT_CLASS = YES_ERROR;
				CLANG_WARN_RANGE_LOOP_ANALYSIS = YES;
				CLANG_WARN_STRICT_PROTOTYPES = YES;
				CLANG_WARN_SUSPICIOUS_MOVE = YES;
				CLANG_WARN_UNGUARDED_AVAILABILITY = YES_AGGRESSIVE;
				CLANG_WARN_UNREACHABLE_CODE = YES;
				CLANG_WARN__DUPLICATE_METHOD_MATCH = YES;
				COPY_PHASE_STRIP = NO;
				DEBUG_INFORMATION_FORMAT = dwarf;
				ENABLE_STRICT_OBJC_MSGSEND = YES;
				ENABLE_TESTABILITY = YES;
				GCC_C_LANGUAGE_STANDARD = gnu11;
				GCC_DYNAMIC_NO_PIC = NO;
				GCC_NO_COMMON_BLOCKS = YES;
				GCC_OPTIMIZATION_LEVEL = 0;
				GCC_PREPROCESSOR_DEFINITIONS = (
					"DEBUG=1",
					"$(inherited)",
				);
				GCC_WARN_64_TO_32_BIT_CONVERSION = YES;
				GCC_WARN_ABOUT_RETURN_TYPE = YES_ERROR;
				GCC_WARN_UNDECLARED_SELECTOR = YES;
				GCC_WARN_UNINITIALIZED_AUTOS = YES_AGGRESSIVE;
				GCC_WARN_UNUSED_FUNCTION = YES;
				GCC_WARN_UNUSED_VARIABLE = YES;
				IPHONEOS_DEPLOYMENT_TARGET = 13.2;
				MTL_ENABLE_DEBUG_INFO = INCLUDE_SOURCE;
				MTL_FAST_MATH = YES;
				ONLY_ACTIVE_ARCH = YES;
				SDKROOT = iphoneos;
				SWIFT_ACTIVE_COMPILATION_CONDITIONS = DEBUG;
				SWIFT_OPTIMIZATION_LEVEL = "-Onone";
			};
			name = Debug;
		};
		9B9252AE24119A1400274938 /* Release */ = {
			isa = XCBuildConfiguration;
			buildSettings = {
				ALWAYS_SEARCH_USER_PATHS = NO;
				CLANG_ANALYZER_NONNULL = YES;
				CLANG_ANALYZER_NUMBER_OBJECT_CONVERSION = YES_AGGRESSIVE;
				CLANG_CXX_LANGUAGE_STANDARD = "gnu++14";
				CLANG_CXX_LIBRARY = "libc++";
				CLANG_ENABLE_MODULES = YES;
				CLANG_ENABLE_OBJC_ARC = YES;
				CLANG_ENABLE_OBJC_WEAK = YES;
				CLANG_WARN_BLOCK_CAPTURE_AUTORELEASING = YES;
				CLANG_WARN_BOOL_CONVERSION = YES;
				CLANG_WARN_COMMA = YES;
				CLANG_WARN_CONSTANT_CONVERSION = YES;
				CLANG_WARN_DEPRECATED_OBJC_IMPLEMENTATIONS = YES;
				CLANG_WARN_DIRECT_OBJC_ISA_USAGE = YES_ERROR;
				CLANG_WARN_DOCUMENTATION_COMMENTS = YES;
				CLANG_WARN_EMPTY_BODY = YES;
				CLANG_WARN_ENUM_CONVERSION = YES;
				CLANG_WARN_INFINITE_RECURSION = YES;
				CLANG_WARN_INT_CONVERSION = YES;
				CLANG_WARN_NON_LITERAL_NULL_CONVERSION = YES;
				CLANG_WARN_OBJC_IMPLICIT_RETAIN_SELF = YES;
				CLANG_WARN_OBJC_LITERAL_CONVERSION = YES;
				CLANG_WARN_OBJC_ROOT_CLASS = YES_ERROR;
				CLANG_WARN_RANGE_LOOP_ANALYSIS = YES;
				CLANG_WARN_STRICT_PROTOTYPES = YES;
				CLANG_WARN_SUSPICIOUS_MOVE = YES;
				CLANG_WARN_UNGUARDED_AVAILABILITY = YES_AGGRESSIVE;
				CLANG_WARN_UNREACHABLE_CODE = YES;
				CLANG_WARN__DUPLICATE_METHOD_MATCH = YES;
				COPY_PHASE_STRIP = NO;
				DEBUG_INFORMATION_FORMAT = "dwarf-with-dsym";
				ENABLE_NS_ASSERTIONS = NO;
				ENABLE_STRICT_OBJC_MSGSEND = YES;
				GCC_C_LANGUAGE_STANDARD = gnu11;
				GCC_NO_COMMON_BLOCKS = YES;
				GCC_WARN_64_TO_32_BIT_CONVERSION = YES;
				GCC_WARN_ABOUT_RETURN_TYPE = YES_ERROR;
				GCC_WARN_UNDECLARED_SELECTOR = YES;
				GCC_WARN_UNINITIALIZED_AUTOS = YES_AGGRESSIVE;
				GCC_WARN_UNUSED_FUNCTION = YES;
				GCC_WARN_UNUSED_VARIABLE = YES;
				IPHONEOS_DEPLOYMENT_TARGET = 13.2;
				MTL_ENABLE_DEBUG_INFO = NO;
				MTL_FAST_MATH = YES;
				SDKROOT = iphoneos;
				SWIFT_COMPILATION_MODE = wholemodule;
				SWIFT_OPTIMIZATION_LEVEL = "-O";
				VALIDATE_PRODUCT = YES;
			};
			name = Release;
		};
		9B9252B024119A1400274938 /* Debug */ = {
			isa = XCBuildConfiguration;
			buildSettings = {
				ASSETCATALOG_COMPILER_APPICON_NAME = AppIcon;
				CODE_SIGN_STYLE = Automatic;
				INFOPLIST_FILE = C0782918_MidTerm_MAD3115W2020/Info.plist;
				LD_RUNPATH_SEARCH_PATHS = (
					"$(inherited)",
					"@executable_path/Frameworks",
				);
				PRODUCT_BUNDLE_IDENTIFIER = "com.lambton.C0782918-MidTerm-MAD3115W2020";
				PRODUCT_NAME = "$(TARGET_NAME)";
				SWIFT_VERSION = 5.0;
				TARGETED_DEVICE_FAMILY = "1,2";
			};
			name = Debug;
		};
		9B9252B124119A1400274938 /* Release */ = {
			isa = XCBuildConfiguration;
			buildSettings = {
				ASSETCATALOG_COMPILER_APPICON_NAME = AppIcon;
				CODE_SIGN_STYLE = Automatic;
				INFOPLIST_FILE = C0782918_MidTerm_MAD3115W2020/Info.plist;
				LD_RUNPATH_SEARCH_PATHS = (
					"$(inherited)",
					"@executable_path/Frameworks",
				);
				PRODUCT_BUNDLE_IDENTIFIER = "com.lambton.C0782918-MidTerm-MAD3115W2020";
				PRODUCT_NAME = "$(TARGET_NAME)";
				SWIFT_VERSION = 5.0;
				TARGETED_DEVICE_FAMILY = "1,2";
			};
			name = Release;
		};
/* End XCBuildConfiguration section */

/* Begin XCConfigurationList section */
		9B92529624119A1300274938 /* Build configuration list for PBXProject "C0782918_MidTerm_MAD3115W2020" */ = {
			isa = XCConfigurationList;
			buildConfigurations = (
				9B9252AD24119A1400274938 /* Debug */,
				9B9252AE24119A1400274938 /* Release */,
			);
			defaultConfigurationIsVisible = 0;
			defaultConfigurationName = Release;
		};
		9B9252AF24119A1400274938 /* Build configuration list for PBXNativeTarget "C0782918_MidTerm_MAD3115W2020" */ = {
			isa = XCConfigurationList;
			buildConfigurations = (
				9B9252B024119A1400274938 /* Debug */,
				9B9252B124119A1400274938 /* Release */,
			);
			defaultConfigurationIsVisible = 0;
			defaultConfigurationName = Release;
		};
/* End XCConfigurationList section */
	};
	rootObject = 9B92529324119A1300274938 /* Project object */;
}
